
Microsoft Visual Studio Solution File, Format Version 12.00
# Visual Studio Version 17
VisualStudioVersion = 17.4.33110.190
MinimumVisualStudioVersion = 10.0.40219.1
Project("{FAE04EC0-301F-11D3-BF4B-00C04F79EFBC}") = "OOP-Ukoly-2-2", "OOP-Ukoly-2-2\OOP-Ukoly-2-2.csproj", "{86C136E1-9C7E-449D-BADB-DBDBFF54FCA0}"
EndProject
Global
	GlobalSection(SolutionConfigurationPlatforms) = preSolution
		Debug|Any CPU = Debug|Any CPU
		Release|Any CPU = Release|Any CPU
	EndGlobalSection
	GlobalSection(ProjectConfigurationPlatforms) = postSolution
		{86C136E1-9C7E-449D-BADB-DBDBFF54FCA0}.Debug|Any CPU.ActiveCfg = Debug|Any CPU
		{86C136E1-9C7E-449D-BADB-DBDBFF54FCA0}.Debug|Any CPU.Build.0 = Debug|Any CPU
		{86C136E1-9C7E-449D-BADB-DBDBFF54FCA0}.Release|Any CPU.ActiveCfg = Release|Any CPU
		{86C136E1-9C7E-449D-BADB-DBDBFF54FCA0}.Release|Any CPU.Build.0 = Release|Any CPU
	EndGlobalSection
	GlobalSection(SolutionProperties) = preSolution
		HideSolutionNode = FALSE
	EndGlobalSection
	GlobalSection(ExtensibilityGlobals) = postSolution
		SolutionGuid = {954E15B4-D1B3-4E5C-BA91-BDFFF3DC0119}
	EndGlobalSection
EndGlobal
