
Microsoft Visual Studio Solution File, Format Version 12.00
# Visual Studio Version 17
VisualStudioVersion = 17.4.33110.190
MinimumVisualStudioVersion = 10.0.40219.1
Project("{FAE04EC0-301F-11D3-BF4B-00C04F79EFBC}") = "OOP-Ukoly-2-3", "OOP-Ukoly-2-3\OOP-Ukoly-2-3.csproj", "{42F52D89-0275-49AA-BE1D-2CCBFCCC9079}"
EndProject
Global
	GlobalSection(SolutionConfigurationPlatforms) = preSolution
		Debug|Any CPU = Debug|Any CPU
		Release|Any CPU = Release|Any CPU
	EndGlobalSection
	GlobalSection(ProjectConfigurationPlatforms) = postSolution
		{42F52D89-0275-49AA-BE1D-2CCBFCCC9079}.Debug|Any CPU.ActiveCfg = Debug|Any CPU
		{42F52D89-0275-49AA-BE1D-2CCBFCCC9079}.Debug|Any CPU.Build.0 = Debug|Any CPU
		{42F52D89-0275-49AA-BE1D-2CCBFCCC9079}.Release|Any CPU.ActiveCfg = Release|Any CPU
		{42F52D89-0275-49AA-BE1D-2CCBFCCC9079}.Release|Any CPU.Build.0 = Release|Any CPU
	EndGlobalSection
	GlobalSection(SolutionProperties) = preSolution
		HideSolutionNode = FALSE
	EndGlobalSection
	GlobalSection(ExtensibilityGlobals) = postSolution
		SolutionGuid = {6AA4EBA2-B065-482A-AF22-7A9B6B0CCD33}
	EndGlobalSection
EndGlobal
