
Microsoft Visual Studio Solution File, Format Version 12.00
# Visual Studio Version 17
VisualStudioVersion = 17.4.33110.190
MinimumVisualStudioVersion = 10.0.40219.1
Project("{FAE04EC0-301F-11D3-BF4B-00C04F79EFBC}") = "OOP_Základy_3", "OOP_Základy_3\OOP_Základy_3.csproj", "{3A9B9217-FDED-4E15-90BA-EF4C2F0B892E}"
EndProject
Global
	GlobalSection(SolutionConfigurationPlatforms) = preSolution
		Debug|Any CPU = Debug|Any CPU
		Release|Any CPU = Release|Any CPU
	EndGlobalSection
	GlobalSection(ProjectConfigurationPlatforms) = postSolution
		{3A9B9217-FDED-4E15-90BA-EF4C2F0B892E}.Debug|Any CPU.ActiveCfg = Debug|Any CPU
		{3A9B9217-FDED-4E15-90BA-EF4C2F0B892E}.Debug|Any CPU.Build.0 = Debug|Any CPU
		{3A9B9217-FDED-4E15-90BA-EF4C2F0B892E}.Release|Any CPU.ActiveCfg = Release|Any CPU
		{3A9B9217-FDED-4E15-90BA-EF4C2F0B892E}.Release|Any CPU.Build.0 = Release|Any CPU
	EndGlobalSection
	GlobalSection(SolutionProperties) = preSolution
		HideSolutionNode = FALSE
	EndGlobalSection
	GlobalSection(ExtensibilityGlobals) = postSolution
		SolutionGuid = {D3A88F00-289B-4FB0-91E7-D6634923186A}
	EndGlobalSection
EndGlobal
