
Microsoft Visual Studio Solution File, Format Version 12.00
# Visual Studio Version 16
VisualStudioVersion = 16.0.30503.244
MinimumVisualStudioVersion = 10.0.40219.1
Project("{FAE04EC0-301F-11D3-BF4B-00C04F79EFBC}") = "Konvice_Koukal", "Konvice_Koukal\Konvice_Koukal.csproj", "{F5CEC6EC-9CFA-4A24-BA11-373156D14EFC}"
EndProject
Global
	GlobalSection(SolutionConfigurationPlatforms) = preSolution
		Debug|Any CPU = Debug|Any CPU
		Release|Any CPU = Release|Any CPU
	EndGlobalSection
	GlobalSection(ProjectConfigurationPlatforms) = postSolution
		{F5CEC6EC-9CFA-4A24-BA11-373156D14EFC}.Debug|Any CPU.ActiveCfg = Debug|Any CPU
		{F5CEC6EC-9CFA-4A24-BA11-373156D14EFC}.Debug|Any CPU.Build.0 = Debug|Any CPU
		{F5CEC6EC-9CFA-4A24-BA11-373156D14EFC}.Release|Any CPU.ActiveCfg = Release|Any CPU
		{F5CEC6EC-9CFA-4A24-BA11-373156D14EFC}.Release|Any CPU.Build.0 = Release|Any CPU
	EndGlobalSection
	GlobalSection(SolutionProperties) = preSolution
		HideSolutionNode = FALSE
	EndGlobalSection
	GlobalSection(ExtensibilityGlobals) = postSolution
		SolutionGuid = {C5BBAB43-AC29-41A8-9013-2B8E6FF9A2DC}
	EndGlobalSection
EndGlobal
