
Microsoft Visual Studio Solution File, Format Version 12.00
# Visual Studio Version 17
VisualStudioVersion = 17.4.33110.190
MinimumVisualStudioVersion = 10.0.40219.1
Project("{FAE04EC0-301F-11D3-BF4B-00C04F79EFBC}") = "OOP-FORM-1-Kalkulačka", "OOP-FORM-1-Kalkulačka\OOP-FORM-1-Kalkulačka.csproj", "{B119F6F9-42AC-4FF6-B124-67DD1EB69FE8}"
EndProject
Global
	GlobalSection(SolutionConfigurationPlatforms) = preSolution
		Debug|Any CPU = Debug|Any CPU
		Release|Any CPU = Release|Any CPU
	EndGlobalSection
	GlobalSection(ProjectConfigurationPlatforms) = postSolution
		{B119F6F9-42AC-4FF6-B124-67DD1EB69FE8}.Debug|Any CPU.ActiveCfg = Debug|Any CPU
		{B119F6F9-42AC-4FF6-B124-67DD1EB69FE8}.Debug|Any CPU.Build.0 = Debug|Any CPU
		{B119F6F9-42AC-4FF6-B124-67DD1EB69FE8}.Release|Any CPU.ActiveCfg = Release|Any CPU
		{B119F6F9-42AC-4FF6-B124-67DD1EB69FE8}.Release|Any CPU.Build.0 = Release|Any CPU
	EndGlobalSection
	GlobalSection(SolutionProperties) = preSolution
		HideSolutionNode = FALSE
	EndGlobalSection
	GlobalSection(ExtensibilityGlobals) = postSolution
		SolutionGuid = {AAAB1DB7-869B-48F7-BCAC-4CA84EA074DA}
	EndGlobalSection
EndGlobal
