
Microsoft Visual Studio Solution File, Format Version 12.00
# Visual Studio Version 17
VisualStudioVersion = 17.4.33110.190
MinimumVisualStudioVersion = 10.0.40219.1
Project("{FAE04EC0-301F-11D3-BF4B-00C04F79EFBC}") = "OOP-Úkoly-3-3", "OOP-Úkoly-3-3\OOP-Úkoly-3-3.csproj", "{D9433F84-C09D-43A7-B185-F632D657707A}"
EndProject
Global
	GlobalSection(SolutionConfigurationPlatforms) = preSolution
		Debug|Any CPU = Debug|Any CPU
		Release|Any CPU = Release|Any CPU
	EndGlobalSection
	GlobalSection(ProjectConfigurationPlatforms) = postSolution
		{D9433F84-C09D-43A7-B185-F632D657707A}.Debug|Any CPU.ActiveCfg = Debug|Any CPU
		{D9433F84-C09D-43A7-B185-F632D657707A}.Debug|Any CPU.Build.0 = Debug|Any CPU
		{D9433F84-C09D-43A7-B185-F632D657707A}.Release|Any CPU.ActiveCfg = Release|Any CPU
		{D9433F84-C09D-43A7-B185-F632D657707A}.Release|Any CPU.Build.0 = Release|Any CPU
	EndGlobalSection
	GlobalSection(SolutionProperties) = preSolution
		HideSolutionNode = FALSE
	EndGlobalSection
	GlobalSection(ExtensibilityGlobals) = postSolution
		SolutionGuid = {F8124DB6-2E19-423A-86FE-9540489CE2A1}
	EndGlobalSection
EndGlobal
