
Microsoft Visual Studio Solution File, Format Version 12.00
# Visual Studio Version 17
VisualStudioVersion = 17.3.32825.248
MinimumVisualStudioVersion = 10.0.40219.1
Project("{FAE04EC0-301F-11D3-BF4B-00C04F79EFBC}") = "Zaklady_OPP_1", "Zaklady_OPP_1\Zaklady_OPP_1.csproj", "{97553102-4AE2-4314-BDA9-CAF8AF9F29B8}"
EndProject
Global
	GlobalSection(SolutionConfigurationPlatforms) = preSolution
		Debug|Any CPU = Debug|Any CPU
		Release|Any CPU = Release|Any CPU
	EndGlobalSection
	GlobalSection(ProjectConfigurationPlatforms) = postSolution
		{97553102-4AE2-4314-BDA9-CAF8AF9F29B8}.Debug|Any CPU.ActiveCfg = Debug|Any CPU
		{97553102-4AE2-4314-BDA9-CAF8AF9F29B8}.Debug|Any CPU.Build.0 = Debug|Any CPU
		{97553102-4AE2-4314-BDA9-CAF8AF9F29B8}.Release|Any CPU.ActiveCfg = Release|Any CPU
		{97553102-4AE2-4314-BDA9-CAF8AF9F29B8}.Release|Any CPU.Build.0 = Release|Any CPU
	EndGlobalSection
	GlobalSection(SolutionProperties) = preSolution
		HideSolutionNode = FALSE
	EndGlobalSection
	GlobalSection(ExtensibilityGlobals) = postSolution
		SolutionGuid = {DCC4C87F-33AA-4BE1-BA8F-A04E4399D86F}
	EndGlobalSection
EndGlobal
