
Microsoft Visual Studio Solution File, Format Version 12.00
# Visual Studio Version 17
VisualStudioVersion = 17.4.33110.190
MinimumVisualStudioVersion = 10.0.40219.1
Project("{FAE04EC0-301F-11D3-BF4B-00C04F79EFBC}") = "WDF-Vypis_z_DB", "WDF-Vypis_z_DB\WDF-Vypis_z_DB.csproj", "{BD4FBCF7-AEB7-4058-82B1-6A7A5F169809}"
EndProject
Global
	GlobalSection(SolutionConfigurationPlatforms) = preSolution
		Debug|Any CPU = Debug|Any CPU
		Release|Any CPU = Release|Any CPU
	EndGlobalSection
	GlobalSection(ProjectConfigurationPlatforms) = postSolution
		{BD4FBCF7-AEB7-4058-82B1-6A7A5F169809}.Debug|Any CPU.ActiveCfg = Debug|Any CPU
		{BD4FBCF7-AEB7-4058-82B1-6A7A5F169809}.Debug|Any CPU.Build.0 = Debug|Any CPU
		{BD4FBCF7-AEB7-4058-82B1-6A7A5F169809}.Release|Any CPU.ActiveCfg = Release|Any CPU
		{BD4FBCF7-AEB7-4058-82B1-6A7A5F169809}.Release|Any CPU.Build.0 = Release|Any CPU
	EndGlobalSection
	GlobalSection(SolutionProperties) = preSolution
		HideSolutionNode = FALSE
	EndGlobalSection
	GlobalSection(ExtensibilityGlobals) = postSolution
		SolutionGuid = {8C4710AD-27A4-4A30-8E63-DAD28C951F02}
	EndGlobalSection
EndGlobal
