
Microsoft Visual Studio Solution File, Format Version 12.00
# Visual Studio Version 17
VisualStudioVersion = 17.4.33110.190
MinimumVisualStudioVersion = 10.0.40219.1
Project("{FAE04EC0-301F-11D3-BF4B-00C04F79EFBC}") = "OOP-Úkoly-3-2", "OOP-Úkoly-3-2\OOP-Úkoly-3-2.csproj", "{3BB958AD-FE4D-4B76-8706-AB783726F015}"
EndProject
Global
	GlobalSection(SolutionConfigurationPlatforms) = preSolution
		Debug|Any CPU = Debug|Any CPU
		Release|Any CPU = Release|Any CPU
	EndGlobalSection
	GlobalSection(ProjectConfigurationPlatforms) = postSolution
		{3BB958AD-FE4D-4B76-8706-AB783726F015}.Debug|Any CPU.ActiveCfg = Debug|Any CPU
		{3BB958AD-FE4D-4B76-8706-AB783726F015}.Debug|Any CPU.Build.0 = Debug|Any CPU
		{3BB958AD-FE4D-4B76-8706-AB783726F015}.Release|Any CPU.ActiveCfg = Release|Any CPU
		{3BB958AD-FE4D-4B76-8706-AB783726F015}.Release|Any CPU.Build.0 = Release|Any CPU
	EndGlobalSection
	GlobalSection(SolutionProperties) = preSolution
		HideSolutionNode = FALSE
	EndGlobalSection
	GlobalSection(ExtensibilityGlobals) = postSolution
		SolutionGuid = {2BE2C390-F780-4032-A9FF-B647D2559E6A}
	EndGlobalSection
EndGlobal
